
Microsoft Visual Studio Solution File, Format Version 12.00
# Visual Studio Version 16
VisualStudioVersion = 16.0.31911.196
MinimumVisualStudioVersion = 10.0.40219.1
Project("{9A19103F-16F7-4668-BE54-9A1E7A4F7556}") = "WebApp", "WebApp\WebApp.csproj", "{06455124-35B9-4536-990F-F4E69E6493FC}"
EndProject
Project("{9A19103F-16F7-4668-BE54-9A1E7A4F7556}") = "UseCases", "UseCases\UseCases.csproj", "{F82AF80C-5CF9-4DE2-A7DB-6233175C4991}"
EndProject
Project("{9A19103F-16F7-4668-BE54-9A1E7A4F7556}") = "CoreBusiness", "CoreBusiness\CoreBusiness.csproj", "{4F1EF5AD-EEDB-4ED4-A3D4-EF8FAACC4EB5}"
EndProject
Project("{9A19103F-16F7-4668-BE54-9A1E7A4F7556}") = "Plugins.DataStore.InMemory", "Plugins.DataStore.InMemory\Plugins.DataStore.InMemory.csproj", "{C565AEBC-11A3-4420-BB65-D8FAE72E4822}"
EndProject
Project("{FAE04EC0-301F-11D3-BF4B-00C04F79EFBC}") = "Plugins.DataStore.SQL", "Plugins.DataStore.SQL\Plugins.DataStore.SQL.csproj", "{BB5779CB-F70A-4EC2-A7BC-ECD05C8FAF7B}"
EndProject
Global
	GlobalSection(SolutionConfigurationPlatforms) = preSolution
		Debug|Any CPU = Debug|Any CPU
		Release|Any CPU = Release|Any CPU
	EndGlobalSection
	GlobalSection(ProjectConfigurationPlatforms) = postSolution
		{06455124-35B9-4536-990F-F4E69E6493FC}.Debug|Any CPU.ActiveCfg = Debug|Any CPU
		{06455124-35B9-4536-990F-F4E69E6493FC}.Debug|Any CPU.Build.0 = Debug|Any CPU
		{06455124-35B9-4536-990F-F4E69E6493FC}.Release|Any CPU.ActiveCfg = Release|Any CPU
		{06455124-35B9-4536-990F-F4E69E6493FC}.Release|Any CPU.Build.0 = Release|Any CPU
		{F82AF80C-5CF9-4DE2-A7DB-6233175C4991}.Debug|Any CPU.ActiveCfg = Debug|Any CPU
		{F82AF80C-5CF9-4DE2-A7DB-6233175C4991}.Debug|Any CPU.Build.0 = Debug|Any CPU
		{F82AF80C-5CF9-4DE2-A7DB-6233175C4991}.Release|Any CPU.ActiveCfg = Release|Any CPU
		{F82AF80C-5CF9-4DE2-A7DB-6233175C4991}.Release|Any CPU.Build.0 = Release|Any CPU
		{4F1EF5AD-EEDB-4ED4-A3D4-EF8FAACC4EB5}.Debug|Any CPU.ActiveCfg = Debug|Any CPU
		{4F1EF5AD-EEDB-4ED4-A3D4-EF8FAACC4EB5}.Debug|Any CPU.Build.0 = Debug|Any CPU
		{4F1EF5AD-EEDB-4ED4-A3D4-EF8FAACC4EB5}.Release|Any CPU.ActiveCfg = Release|Any CPU
		{4F1EF5AD-EEDB-4ED4-A3D4-EF8FAACC4EB5}.Release|Any CPU.Build.0 = Release|Any CPU
		{C565AEBC-11A3-4420-BB65-D8FAE72E4822}.Debug|Any CPU.ActiveCfg = Debug|Any CPU
		{C565AEBC-11A3-4420-BB65-D8FAE72E4822}.Debug|Any CPU.Build.0 = Debug|Any CPU
		{C565AEBC-11A3-4420-BB65-D8FAE72E4822}.Release|Any CPU.ActiveCfg = Release|Any CPU
		{C565AEBC-11A3-4420-BB65-D8FAE72E4822}.Release|Any CPU.Build.0 = Release|Any CPU
		{BB5779CB-F70A-4EC2-A7BC-ECD05C8FAF7B}.Debug|Any CPU.ActiveCfg = Debug|Any CPU
		{BB5779CB-F70A-4EC2-A7BC-ECD05C8FAF7B}.Debug|Any CPU.Build.0 = Debug|Any CPU
		{BB5779CB-F70A-4EC2-A7BC-ECD05C8FAF7B}.Release|Any CPU.ActiveCfg = Release|Any CPU
		{BB5779CB-F70A-4EC2-A7BC-ECD05C8FAF7B}.Release|Any CPU.Build.0 = Release|Any CPU
	EndGlobalSection
	GlobalSection(SolutionProperties) = preSolution
		HideSolutionNode = FALSE
	EndGlobalSection
	GlobalSection(ExtensibilityGlobals) = postSolution
		SolutionGuid = {9BD546EB-26BB-4692-89DE-B2179BCAA08A}
	EndGlobalSection
EndGlobal
